
Microsoft Visual Studio Solution File, Format Version 12.00
# Visual Studio Version 17
VisualStudioVersion = 17.9.34622.214
MinimumVisualStudioVersion = 10.0.40219.1
Project("{FAE04EC0-301F-11D3-BF4B-00C04F79EFBC}") = "VehicalRentalManagment", "VehicalRentalManagment\VehicalRentalManagment.csproj", "{B68DFAC5-A1FE-42BE-9886-DE041F83D03A}"
EndProject
Global
	GlobalSection(SolutionConfigurationPlatforms) = preSolution
		Debug|Any CPU = Debug|Any CPU
		Release|Any CPU = Release|Any CPU
	EndGlobalSection
	GlobalSection(ProjectConfigurationPlatforms) = postSolution
		{B68DFAC5-A1FE-42BE-9886-DE041F83D03A}.Debug|Any CPU.ActiveCfg = Debug|Any CPU
		{B68DFAC5-A1FE-42BE-9886-DE041F83D03A}.Debug|Any CPU.Build.0 = Debug|Any CPU
		{B68DFAC5-A1FE-42BE-9886-DE041F83D03A}.Release|Any CPU.ActiveCfg = Release|Any CPU
		{B68DFAC5-A1FE-42BE-9886-DE041F83D03A}.Release|Any CPU.Build.0 = Release|Any CPU
	EndGlobalSection
	GlobalSection(SolutionProperties) = preSolution
		HideSolutionNode = FALSE
	EndGlobalSection
	GlobalSection(ExtensibilityGlobals) = postSolution
		SolutionGuid = {A569A1F9-E701-4DA7-B7EE-A3BCAB7AB8EA}
	EndGlobalSection
EndGlobal
